github.com/CharLemAznable/gokits v0.4.0 h1:hugV6M1c991cbHNCYTP+hVgIxRk5zj3TGt0Jt3m86L4=
github.com/CharLemAznable/gokits v0.4.0/go.mod h1:AvomWm62m4+pqZFc+sNmyirSdEoTXSi1Ffv9TEqme0I=
github.com/CharLemAznable/wechataes v0.1.0 h1:WBH5D8wu2Q8RnFt2vxbZSb3YpLlkRVeYDQ4LdcLynKc=
github.com/CharLemAznable/wechataes v0.1.0/go.mod h1:uoRY3t3wxhZY2jIgeMKn25iWPBdvPOTGw6LqpIVC+Sc=
github.com/go-sql-driver/mysql v1.4.1 h1:g24URVg0OFbNUTx9qqY1IRZ9D9z3iPyi5zKhQZpNwpA=
github.com/go-sql-driver/mysql v1.4.1/go.mod h1:zAC/RDZ24gD3HViQzih4MyKcchzm+sOG5ZlKdlhCg5w=
