github.com/CharLemAznable/gcache v0.0.1 h1:ra7fR8DLqKxjWI+7sHgnAal6b8uPSqugcxSIb/v7CS4=
github.com/CharLemAznable/gcache v0.0.1/go.mod h1:YzKdE7VPlpX7QIRAmmuSmQEy5GBT2qjXcJoisxXdoSQ=
github.com/CharLemAznable/gcache v0.0.2 h1:T3C/8TAr9elYfBLjMhepVE4tUe9IPArPsdaZWsS+c2c=
github.com/CharLemAznable/gcache v0.0.2/go.mod h1:YzKdE7VPlpX7QIRAmmuSmQEy5GBT2qjXcJoisxXdoSQ=
github.com/CharLemAznable/gcache v0.0.3 h1:JBjmGMqmB0qZsSPOmwTtQIdBfE9TZtkLNrg66l10578=
github.com/CharLemAznable/gcache v0.0.3/go.mod h1:YzKdE7VPlpX7QIRAmmuSmQEy5GBT2qjXcJoisxXdoSQ=
github.com/CharLemAznable/goutils v0.0.1 h1:skNR7fw2dQsr+zWaI1IYjI/xgmB66kGVSVCqW+2rubM=
github.com/CharLemAznable/goutils v0.0.1/go.mod h1:5k65ATR9RePdTPxeel4ynWcaB/g1rrT+034kzs+sw5g=
github.com/CharLemAznable/goutils v0.0.2 h1:w8cc5C4pQfAlpFKT9pD0D6Uik0pQrEngONlGlskSA5Q=
github.com/CharLemAznable/goutils v0.0.2/go.mod h1:5k65ATR9RePdTPxeel4ynWcaB/g1rrT+034kzs+sw5g=
github.com/CharLemAznable/gql v0.0.1 h1:k+OsQT/6QVHD9CP001sYb8x7WMzH80hP2CVhBjiEmo4=
github.com/CharLemAznable/gql v0.0.1/go.mod h1:zainiq/tZGLcbHvu0XdAwbRU4Xu6s0dkhTYTakmfHNQ=
github.com/CharLemAznable/gql v0.0.2 h1:VZEFb4l9MIilS66jaRg/zqjZSuRhyrDSw+S98D+9MyQ=
github.com/CharLemAznable/gql v0.0.2/go.mod h1:zainiq/tZGLcbHvu0XdAwbRU4Xu6s0dkhTYTakmfHNQ=
github.com/CharLemAznable/httpreq v0.0.1 h1:ASEOgJAHS4HtBG/7DXi3Emak3AOK0gi8uLcW1OPSH0Q=
github.com/CharLemAznable/httpreq v0.0.1/go.mod h1:fg5+er8nSSLNNYjLKWt9YLQb1E/4k6YOJQJPF1ig+JQ=
github.com/CharLemAznable/httpreq v0.0.2 h1:lYygv+HyBBJWmiijLhun9Vk5R42gXnJXNZ64cgTmfPc=
github.com/CharLemAznable/httpreq v0.0.2/go.mod h1:fg5+er8nSSLNNYjLKWt9YLQb1E/4k6YOJQJPF1ig+JQ=
github.com/CharLemAznable/httpreq v0.0.3 h1:eTDht461EWm6HEROls+ZmdOnczYP5i84y3Zyd3w4UMA=
github.com/CharLemAznable/httpreq v0.0.3/go.mod h1:TeAiEK1posaYeBmYoaeS7z0y4iOXBKP7XxnEGXXgeNk=
github.com/CharLemAznable/log4go v0.0.2 h1:Y5p6gdqvFlR6O+RiSNql8rkXGdBmuuxVIsh2T5tu7QY=
github.com/CharLemAznable/log4go v0.0.2/go.mod h1:3uBdAAHldPqJxav2q92ZqKLz77QRCWdldRMfyEIozYA=
github.com/CharLemAznable/log4go v0.0.3 h1:QfNp2BENv+KLRUDcWTZWv+v69H0GDi2s9Q5H26tr07w=
github.com/CharLemAznable/log4go v0.0.3/go.mod h1:3uBdAAHldPqJxav2q92ZqKLz77QRCWdldRMfyEIozYA=
github.com/CharLemAznable/wechataes v0.0.1 h1:rNQDEN+MtA3yZ+ZQAMfEOadtfdpFvZUNDEW9qSDOosw=
github.com/CharLemAznable/wechataes v0.0.1/go.mod h1:uoRY3t3wxhZY2jIgeMKn25iWPBdvPOTGw6LqpIVC+Sc=
github.com/CharLemAznable/wechataes v0.0.2 h1:WjLEkdPdX8mIsyLRc2I/onTCuP+C5+H91+iu7wILmII=
github.com/CharLemAznable/wechataes v0.0.2/go.mod h1:uoRY3t3wxhZY2jIgeMKn25iWPBdvPOTGw6LqpIVC+Sc=
github.com/CharLemAznable/wechataes v0.0.3 h1:wTpmToIUJtXCzXg+7aBBgIxBRnKYBB13tLNBnxcqAjg=
github.com/CharLemAznable/wechataes v0.0.3/go.mod h1:uoRY3t3wxhZY2jIgeMKn25iWPBdvPOTGw6LqpIVC+Sc=
github.com/CharLemAznable/wechataes v0.0.4 h1:2IAtIVabdKclwpYuj15+fKXZQIBRsSg6NEmZhzQtdwI=
github.com/CharLemAznable/wechataes v0.0.4/go.mod h1:uoRY3t3wxhZY2jIgeMKn25iWPBdvPOTGw6LqpIVC+Sc=
github.com/CharLemAznable/yaml v0.0.1 h1:ESPSw82o7nVW2UA6MT98m9NlUBUh9tn/s9IcU3w8H58=
github.com/CharLemAznable/yaml v0.0.1/go.mod h1:5Rfk109gU0ZmfbajTcpe8QP4UbgnRoxTzXXzq0m8q3g=
github.com/go-sql-driver/mysql v1.4.1 h1:g24URVg0OFbNUTx9qqY1IRZ9D9z3iPyi5zKhQZpNwpA=
github.com/go-sql-driver/mysql v1.4.1/go.mod h1:zAC/RDZ24gD3HViQzih4MyKcchzm+sOG5ZlKdlhCg5w=
